
Microsoft Visual Studio Solution File, Format Version 12.00
# Visual Studio Version 16
VisualStudioVersion = 16.0.30621.155
MinimumVisualStudioVersion = 10.0.40219.1
Project("{FAE04EC0-301F-11D3-BF4B-00C04F79EFBC}") = "BriskBytes.System.Extensions", "BriskBytes.System.Extensions\BriskBytes.System.Extensions.csproj", "{3FF9B656-12E1-4FD2-A982-8894EBBB6C45}"
EndProject
Global
	GlobalSection(SolutionConfigurationPlatforms) = preSolution
		Debug|Any CPU = Debug|Any CPU
		Release|Any CPU = Release|Any CPU
	EndGlobalSection
	GlobalSection(ProjectConfigurationPlatforms) = postSolution
		{3FF9B656-12E1-4FD2-A982-8894EBBB6C45}.Debug|Any CPU.ActiveCfg = Debug|Any CPU
		{3FF9B656-12E1-4FD2-A982-8894EBBB6C45}.Debug|Any CPU.Build.0 = Debug|Any CPU
		{3FF9B656-12E1-4FD2-A982-8894EBBB6C45}.Release|Any CPU.ActiveCfg = Release|Any CPU
		{3FF9B656-12E1-4FD2-A982-8894EBBB6C45}.Release|Any CPU.Build.0 = Release|Any CPU
	EndGlobalSection
	GlobalSection(SolutionProperties) = preSolution
		HideSolutionNode = FALSE
	EndGlobalSection
	GlobalSection(ExtensibilityGlobals) = postSolution
		SolutionGuid = {AB51B4DC-A80D-493A-88F9-F5FB1C708C0F}
	EndGlobalSection
EndGlobal
