
Microsoft Visual Studio Solution File, Format Version 12.00
# Visual Studio Version 16
VisualStudioVersion = 16.0.30621.155
MinimumVisualStudioVersion = 10.0.40219.1
Project("{9A19103F-16F7-4668-BE54-9A1E7A4F7556}") = "PlainBytes.System.Extensions", "source\PlainBytes.System.Extensions\PlainBytes.System.Extensions.csproj", "{1F61350E-2722-4279-8656-59324C2A1FD9}"
EndProject
Project("{9A19103F-16F7-4668-BE54-9A1E7A4F7556}") = "PlainBytes.System.Extensions.Tests", "tests\PlainBytes.System.Extensions.Tests\PlainBytes.System.Extensions.Tests.csproj", "{2EC2D4ED-9F43-4C80-BE3B-E8BC1A96DE06}"
EndProject
Global
	GlobalSection(SolutionConfigurationPlatforms) = preSolution
		Debug|Any CPU = Debug|Any CPU
		Release|Any CPU = Release|Any CPU
	EndGlobalSection
	GlobalSection(ProjectConfigurationPlatforms) = postSolution
		{1F61350E-2722-4279-8656-59324C2A1FD9}.Debug|Any CPU.ActiveCfg = Debug|Any CPU
		{1F61350E-2722-4279-8656-59324C2A1FD9}.Debug|Any CPU.Build.0 = Debug|Any CPU
		{1F61350E-2722-4279-8656-59324C2A1FD9}.Release|Any CPU.ActiveCfg = Release|Any CPU
		{1F61350E-2722-4279-8656-59324C2A1FD9}.Release|Any CPU.Build.0 = Release|Any CPU
		{2EC2D4ED-9F43-4C80-BE3B-E8BC1A96DE06}.Debug|Any CPU.ActiveCfg = Debug|Any CPU
		{2EC2D4ED-9F43-4C80-BE3B-E8BC1A96DE06}.Debug|Any CPU.Build.0 = Debug|Any CPU
		{2EC2D4ED-9F43-4C80-BE3B-E8BC1A96DE06}.Release|Any CPU.ActiveCfg = Release|Any CPU
		{2EC2D4ED-9F43-4C80-BE3B-E8BC1A96DE06}.Release|Any CPU.Build.0 = Release|Any CPU
	EndGlobalSection
	GlobalSection(SolutionProperties) = preSolution
		HideSolutionNode = FALSE
	EndGlobalSection
	GlobalSection(ExtensibilityGlobals) = postSolution
		SolutionGuid = {AB51B4DC-A80D-493A-88F9-F5FB1C708C0F}
	EndGlobalSection
EndGlobal
